// !$*UTF8*$!
{
	archiveVersion = 1;
	classes = {
	};
	objectVersion = 46;
	objects = {

/* Begin PBXBuildFile section */
		1AC6FB21180E996B004C840B /* libcocos2d Mac.a in Frameworks */ = {isa = PBXBuildFile; fileRef = 1AC6FAF9180E9839004C840B /* libcocos2d Mac.a */; };
		1AC6FB30180E99EB004C840B /* libcocos2d iOS.a in Frameworks */ = {isa = PBXBuildFile; fileRef = 1AC6FB07180E9839004C840B /* libcocos2d iOS.a */; };
		1D60589F0D05DD5A006BFB54 /* Foundation.framework in Frameworks */ = {isa = PBXBuildFile; fileRef = 1D30AB110D05D00D00671497 /* Foundation.framework */; };
		1DF5F4E00D08C38300B7A737 /* UIKit.framework in Frameworks */ = {isa = PBXBuildFile; fileRef = 1DF5F4DF0D08C38300B7A737 /* UIKit.framework */; };
		288765A50DF7441C002DB57D /* CoreGraphics.framework in Frameworks */ = {isa = PBXBuildFile; fileRef = 288765A40DF7441C002DB57D /* CoreGraphics.framework */; };
		3EACC98F19EE6D4300EB3C5E /* res in Resources */ = {isa = PBXBuildFile; fileRef = 3EACC98E19EE6D4300EB3C5E /* res */; };
		3EACC99019EE6D4300EB3C5E /* res in Resources */ = {isa = PBXBuildFile; fileRef = 3EACC98E19EE6D4300EB3C5E /* res */; };
		46880B7B19C43A67006E1F66 /* CloseNormal.png in Resources */ = {isa = PBXBuildFile; fileRef = 46880B7619C43A67006E1F66 /* CloseNormal.png */; };
		46880B7C19C43A67006E1F66 /* CloseNormal.png in Resources */ = {isa = PBXBuildFile; fileRef = 46880B7619C43A67006E1F66 /* CloseNormal.png */; };
		46880B7D19C43A67006E1F66 /* CloseSelected.png in Resources */ = {isa = PBXBuildFile; fileRef = 46880B7719C43A67006E1F66 /* CloseSelected.png */; };
		46880B7E19C43A67006E1F66 /* CloseSelected.png in Resources */ = {isa = PBXBuildFile; fileRef = 46880B7719C43A67006E1F66 /* CloseSelected.png */; };
		46880B8119C43A67006E1F66 /* HelloWorld.png in Resources */ = {isa = PBXBuildFile; fileRef = 46880B7A19C43A67006E1F66 /* HelloWorld.png */; };
		46880B8219C43A67006E1F66 /* HelloWorld.png in Resources */ = {isa = PBXBuildFile; fileRef = 46880B7A19C43A67006E1F66 /* HelloWorld.png */; };
		46880B8819C43A87006E1F66 /* AppDelegate.cpp in Sources */ = {isa = PBXBuildFile; fileRef = 46880B8419C43A87006E1F66 /* AppDelegate.cpp */; };
		46880B8919C43A87006E1F66 /* AppDelegate.cpp in Sources */ = {isa = PBXBuildFile; fileRef = 46880B8419C43A87006E1F66 /* AppDelegate.cpp */; };
		46880B8A19C43A87006E1F66 /* HelloWorldScene.cpp in Sources */ = {isa = PBXBuildFile; fileRef = 46880B8619C43A87006E1F66 /* HelloWorldScene.cpp */; };
		46880B8B19C43A87006E1F66 /* HelloWorldScene.cpp in Sources */ = {isa = PBXBuildFile; fileRef = 46880B8619C43A87006E1F66 /* HelloWorldScene.cpp */; };
		503AE0F817EB97AB00D1A890 /* Icon.icns in Resources */ = {isa = PBXBuildFile; fileRef = 503AE0F617EB97AB00D1A890 /* Icon.icns */; };
		503AE10017EB989F00D1A890 /* AppController.mm in Sources */ = {isa = PBXBuildFile; fileRef = 503AE0FB17EB989F00D1A890 /* AppController.mm */; };
		503AE10117EB989F00D1A890 /* main.m in Sources */ = {isa = PBXBuildFile; fileRef = 503AE0FC17EB989F00D1A890 /* main.m */; };
		503AE10217EB989F00D1A890 /* RootViewController.mm in Sources */ = {isa = PBXBuildFile; fileRef = 503AE0FF17EB989F00D1A890 /* RootViewController.mm */; };
		503AE10517EB98FF00D1A890 /* main.cpp in Sources */ = {isa = PBXBuildFile; fileRef = 503AE10317EB98FF00D1A890 /* main.cpp */; };
		503AE11B17EB9C5A00D1A890 /* IOKit.framework in Frameworks */ = {isa = PBXBuildFile; fileRef = 503AE11A17EB9C5A00D1A890 /* IOKit.framework */; };
		5087E76317EB910900C73F5D /* Foundation.framework in Frameworks */ = {isa = PBXBuildFile; fileRef = 1D30AB110D05D00D00671497 /* Foundation.framework */; };
		5087E76717EB910900C73F5D /* libz.dylib in Frameworks */ = {isa = PBXBuildFile; fileRef = BF170DB412928DE900B8313A /* libz.dylib */; };
		5087E76817EB910900C73F5D /* QuartzCore.framework in Frameworks */ = {isa = PBXBuildFile; fileRef = BF1C47EA1293683800B63C5D /* QuartzCore.framework */; };
		5087E76917EB910900C73F5D /* OpenAL.framework in Frameworks */ = {isa = PBXBuildFile; fileRef = D44C620B132DFF330009C878 /* OpenAL.framework */; };
		5087E76A17EB910900C73F5D /* AVFoundation.framework in Frameworks */ = {isa = PBXBuildFile; fileRef = D44C620D132DFF430009C878 /* AVFoundation.framework */; };
		5087E76B17EB910900C73F5D /* AudioToolbox.framework in Frameworks */ = {isa = PBXBuildFile; fileRef = D44C620F132DFF4E0009C878 /* AudioToolbox.framework */; };
		5087E77D17EB970100C73F5D /* Default-568h@2x.png in Resources */ = {isa = PBXBuildFile; fileRef = 5087E77217EB970100C73F5D /* Default-568h@2x.png */; };
		5087E77E17EB970100C73F5D /* Default.png in Resources */ = {isa = PBXBuildFile; fileRef = 5087E77317EB970100C73F5D /* Default.png */; };
		5087E77F17EB970100C73F5D /* Default@2x.png in Resources */ = {isa = PBXBuildFile; fileRef = 5087E77417EB970100C73F5D /* Default@2x.png */; };
		5087E78017EB970100C73F5D /* Icon-114.png in Resources */ = {isa = PBXBuildFile; fileRef = 5087E77517EB970100C73F5D /* Icon-114.png */; };
		5087E78117EB970100C73F5D /* Icon-120.png in Resources */ = {isa = PBXBuildFile; fileRef = 5087E77617EB970100C73F5D /* Icon-120.png */; };
		5087E78217EB970100C73F5D /* Icon-144.png in Resources */ = {isa = PBXBuildFile; fileRef = 5087E77717EB970100C73F5D /* Icon-144.png */; };
		5087E78317EB970100C73F5D /* Icon-152.png in Resources */ = {isa = PBXBuildFile; fileRef = 5087E77817EB970100C73F5D /* Icon-152.png */; };
		5087E78417EB970100C73F5D /* Icon-57.png in Resources */ = {isa = PBXBuildFile; fileRef = 5087E77917EB970100C73F5D /* Icon-57.png */; };
		5087E78517EB970100C73F5D /* Icon-72.png in Resources */ = {isa = PBXBuildFile; fileRef = 5087E77A17EB970100C73F5D /* Icon-72.png */; };
		5087E78617EB970100C73F5D /* Icon-76.png in Resources */ = {isa = PBXBuildFile; fileRef = 5087E77B17EB970100C73F5D /* Icon-76.png */; };
		5087E78917EB974C00C73F5D /* AppKit.framework in Frameworks */ = {isa = PBXBuildFile; fileRef = 5087E78817EB974C00C73F5D /* AppKit.framework */; };
		5087E78B17EB975400C73F5D /* OpenGL.framework in Frameworks */ = {isa = PBXBuildFile; fileRef = 5087E78A17EB975400C73F5D /* OpenGL.framework */; };
		50EF629617ECD46A001EB2F8 /* Icon-40.png in Resources */ = {isa = PBXBuildFile; fileRef = 50EF629217ECD46A001EB2F8 /* Icon-40.png */; };
		50EF629717ECD46A001EB2F8 /* Icon-58.png in Resources */ = {isa = PBXBuildFile; fileRef = 50EF629317ECD46A001EB2F8 /* Icon-58.png */; };
		50EF629817ECD46A001EB2F8 /* Icon-80.png in Resources */ = {isa = PBXBuildFile; fileRef = 50EF629417ECD46A001EB2F8 /* Icon-80.png */; };
		50EF629917ECD46A001EB2F8 /* Icon-100.png in Resources */ = {isa = PBXBuildFile; fileRef = 50EF629517ECD46A001EB2F8 /* Icon-100.png */; };
		50EF62A217ECD613001EB2F8 /* Icon-29.png in Resources */ = {isa = PBXBuildFile; fileRef = 50EF62A017ECD613001EB2F8 /* Icon-29.png */; };
		50EF62A317ECD613001EB2F8 /* Icon-50.png in Resources */ = {isa = PBXBuildFile; fileRef = 50EF62A117ECD613001EB2F8 /* Icon-50.png */; };
		521A8E6419F0C34300D177D7 /* Default-667h@2x.png in Resources */ = {isa = PBXBuildFile; fileRef = 521A8E6219F0C34300D177D7 /* Default-667h@2x.png */; };
		521A8E6519F0C34300D177D7 /* Default-736h@3x.png in Resources */ = {isa = PBXBuildFile; fileRef = 521A8E6319F0C34300D177D7 /* Default-736h@3x.png */; };
		521A8EA919F11F5000D177D7 /* fonts in Resources */ = {isa = PBXBuildFile; fileRef = 521A8EA819F11F5000D177D7 /* fonts */; };
		521A8EAA19F11F5000D177D7 /* fonts in Resources */ = {isa = PBXBuildFile; fileRef = 521A8EA819F11F5000D177D7 /* fonts */; };
		52B47A471A53D09C004E4C60 /* Security.framework in Frameworks */ = {isa = PBXBuildFile; fileRef = 52B47A461A53D09B004E4C60 /* Security.framework */; };
		8262943E1AAF051F00CB7CF7 /* Security.framework in Frameworks */ = {isa = PBXBuildFile; fileRef = 8262943D1AAF051F00CB7CF7 /* Security.framework */; };
		BF171245129291EC00B8313A /* OpenGLES.framework in Frameworks */ = {isa = PBXBuildFile; fileRef = BF170DB012928DE900B8313A /* OpenGLES.framework */; };
		BF1712471292920000B8313A /* libz.dylib in Frameworks */ = {isa = PBXBuildFile; fileRef = BF170DB412928DE900B8313A /* libz.dylib */; };
		BF1C47F01293687400B63C5D /* QuartzCore.framework in Frameworks */ = {isa = PBXBuildFile; fileRef = BF1C47EA1293683800B63C5D /* QuartzCore.framework */; };
		D44C620C132DFF330009C878 /* OpenAL.framework in Frameworks */ = {isa = PBXBuildFile; fileRef = D44C620B132DFF330009C878 /* OpenAL.framework */; };
		D44C620E132DFF430009C878 /* AVFoundation.framework in Frameworks */ = {isa = PBXBuildFile; fileRef = D44C620D132DFF430009C878 /* AVFoundation.framework */; };
		D44C6210132DFF4E0009C878 /* AudioToolbox.framework in Frameworks */ = {isa = PBXBuildFile; fileRef = D44C620F132DFF4E0009C878 /* AudioToolbox.framework */; };
		D6B0611B1803AB670077942B /* CoreMotion.framework in Frameworks */ = {isa = PBXBuildFile; fileRef = D6B0611A1803AB670077942B /* CoreMotion.framework */; };
		EB84A0641B1406230034593B /* NFLog.cpp in Sources */ = {isa = PBXBuildFile; fileRef = EB84A0631B1406230034593B /* NFLog.cpp */; };
		EB84A06A1B14411E0034593B /* eff_explosion1.png in Resources */ = {isa = PBXBuildFile; fileRef = EB84A0661B14411E0034593B /* eff_explosion1.png */; };
		EB84A06B1B14411E0034593B /* eff_explosion2.png in Resources */ = {isa = PBXBuildFile; fileRef = EB84A0671B14411E0034593B /* eff_explosion2.png */; };
		EB84A06C1B14411E0034593B /* eff_explosion3.png in Resources */ = {isa = PBXBuildFile; fileRef = EB84A0681B14411E0034593B /* eff_explosion3.png */; };
		EB84A06D1B14411E0034593B /* eff_explosion4.png in Resources */ = {isa = PBXBuildFile; fileRef = EB84A0691B14411E0034593B /* eff_explosion4.png */; };
		EB84A0701B14499B0034593B /* NFNumberLayer.cpp in Sources */ = {isa = PBXBuildFile; fileRef = EB84A06E1B14499B0034593B /* NFNumberLayer.cpp */; };
		EB84A0721B144E780034593B /* num_distance_m_01.png in Resources */ = {isa = PBXBuildFile; fileRef = EB84A0711B144E780034593B /* num_distance_m_01.png */; };
		EB84A0761B144FD00034593B /* num_distance_l_01.png in Resources */ = {isa = PBXBuildFile; fileRef = EB84A0731B144FD00034593B /* num_distance_l_01.png */; };
		EB84A0771B144FD00034593B /* num_distance_m_01.png in Resources */ = {isa = PBXBuildFile; fileRef = EB84A0741B144FD00034593B /* num_distance_m_01.png */; };
		EB84A0781B144FD00034593B /* num_combo_01.png in Resources */ = {isa = PBXBuildFile; fileRef = EB84A0751B144FD00034593B /* num_combo_01.png */; };
		EB84A07A1B14753A0034593B /* num_distance_l_comma.png in Resources */ = {isa = PBXBuildFile; fileRef = EB84A0791B14753A0034593B /* num_distance_l_comma.png */; };
		EB8516E21B17F88300CD12C0 /* btn_go_title_01.png in Resources */ = {isa = PBXBuildFile; fileRef = EB8516DE1B17F88300CD12C0 /* btn_go_title_01.png */; };
		EB8516E31B17F88300CD12C0 /* btn_go_title_00.png in Resources */ = {isa = PBXBuildFile; fileRef = EB8516DF1B17F88300CD12C0 /* btn_go_title_00.png */; };
		EB8516E41B17F88300CD12C0 /* btn_reset_00.png in Resources */ = {isa = PBXBuildFile; fileRef = EB8516E01B17F88300CD12C0 /* btn_reset_00.png */; };
		EB8516E51B17F88300CD12C0 /* btn_reset_01.png in Resources */ = {isa = PBXBuildFile; fileRef = EB8516E11B17F88300CD12C0 /* btn_reset_01.png */; };
		EB8516E71B180EB200CD12C0 /* bg_pattern_rule.png in Resources */ = {isa = PBXBuildFile; fileRef = EB8516E61B180EB200CD12C0 /* bg_pattern_rule.png */; };
		EB8E36001B0ACBFA0092B8F1 /* FixedValue.cpp in Sources */ = {isa = PBXBuildFile; fileRef = EB8E35FE1B0ACBFA0092B8F1 /* FixedValue.cpp */; };
		EB974ECC1B097EFF001A7408 /* SquarePlace.cpp in Sources */ = {isa = PBXBuildFile; fileRef = EB974ECA1B097EFF001A7408 /* SquarePlace.cpp */; };
		EB974ECE1B0990AD001A7408 /* square.png in Resources */ = {isa = PBXBuildFile; fileRef = EB974ECD1B0990AD001A7408 /* square.png */; };
		EB974ED01B099562001A7408 /* piece.png in Resources */ = {isa = PBXBuildFile; fileRef = EB974ECF1B099562001A7408 /* piece.png */; };
		EB974ED31B09B5AE001A7408 /* ReversiPiece.cpp in Sources */ = {isa = PBXBuildFile; fileRef = EB974ED11B09B5AE001A7408 /* ReversiPiece.cpp */; };
		EB974EE01B09C3D3001A7408 /* PieceDealer.cpp in Sources */ = {isa = PBXBuildFile; fileRef = EB974EDE1B09C3D3001A7408 /* PieceDealer.cpp */; };
		EB974EE11B09CA6B001A7408 /* PieceDealer.cpp in Sources */ = {isa = PBXBuildFile; fileRef = EB974EDE1B09C3D3001A7408 /* PieceDealer.cpp */; };
		EB974EE51B09CC10001A7408 /* ReversiPiece.cpp in Sources */ = {isa = PBXBuildFile; fileRef = EB974ED11B09B5AE001A7408 /* ReversiPiece.cpp */; };
		EB974EE61B09CC17001A7408 /* SquarePlace.cpp in Sources */ = {isa = PBXBuildFile; fileRef = EB974ECA1B097EFF001A7408 /* SquarePlace.cpp */; };
		EBA296041B12C1BD00A62138 /* icon_arrow.png in Resources */ = {isa = PBXBuildFile; fileRef = EBA296031B12C1BD00A62138 /* icon_arrow.png */; };
		EBA2960E1B12F4D200A62138 /* piece_04_01.png in Resources */ = {isa = PBXBuildFile; fileRef = EBA296061B12F4D200A62138 /* piece_04_01.png */; };
		EBA2960F1B12F4D200A62138 /* piece_01_01.png in Resources */ = {isa = PBXBuildFile; fileRef = EBA296071B12F4D200A62138 /* piece_01_01.png */; };
		EBA296111B12F4D200A62138 /* piece_04_00.png in Resources */ = {isa = PBXBuildFile; fileRef = EBA296091B12F4D200A62138 /* piece_04_00.png */; };
		EBA296121B12F4D200A62138 /* piece_01_00.png in Resources */ = {isa = PBXBuildFile; fileRef = EBA2960A1B12F4D200A62138 /* piece_01_00.png */; };
		EBA296131B12F4D200A62138 /* piece_02_00.png in Resources */ = {isa = PBXBuildFile; fileRef = EBA2960B1B12F4D200A62138 /* piece_02_00.png */; };
		EBA296141B12F4D200A62138 /* piece_03_00.png in Resources */ = {isa = PBXBuildFile; fileRef = EBA2960C1B12F4D200A62138 /* piece_03_00.png */; };
		EBA296171B12FE4F00A62138 /* piece_03_01.png in Resources */ = {isa = PBXBuildFile; fileRef = EBA296151B12FE4F00A62138 /* piece_03_01.png */; };
		EBA296181B12FE4F00A62138 /* piece_02_01.png in Resources */ = {isa = PBXBuildFile; fileRef = EBA296161B12FE4F00A62138 /* piece_02_01.png */; };
		EBA303711B15B4F7003B7932 /* icon_piece_info.png in Resources */ = {isa = PBXBuildFile; fileRef = EBA303701B15B4F7003B7932 /* icon_piece_info.png */; };
		EBA303731B15C2C6003B7932 /* icon_here.png in Resources */ = {isa = PBXBuildFile; fileRef = EBA303721B15C2C6003B7932 /* icon_here.png */; };
		EBA596AE1B155A4D00EE3800 /* GameResultLayer.cpp in Sources */ = {isa = PBXBuildFile; fileRef = EBA596AC1B155A4D00EE3800 /* GameResultLayer.cpp */; };
		EBA596B31B1560B100EE3800 /* logo_gameover.png in Resources */ = {isa = PBXBuildFile; fileRef = EBA596AF1B1560B100EE3800 /* logo_gameover.png */; };
		EBA596B41B1560B100EE3800 /* logo_clear.png in Resources */ = {isa = PBXBuildFile; fileRef = EBA596B01B1560B100EE3800 /* logo_clear.png */; };
		EBA596B51B1560B100EE3800 /* bg_pattern_clear.png in Resources */ = {isa = PBXBuildFile; fileRef = EBA596B11B1560B100EE3800 /* bg_pattern_clear.png */; };
		EBA596B61B1560B100EE3800 /* bg_pattern_gameover.png in Resources */ = {isa = PBXBuildFile; fileRef = EBA596B21B1560B100EE3800 /* bg_pattern_gameover.png */; };
		EBAAB0EB1B16E68A00B13699 /* TitleScene.cpp in Sources */ = {isa = PBXBuildFile; fileRef = EBAAB0E91B16E68A00B13699 /* TitleScene.cpp */; };
		EBAAB0FC1B16E79400B13699 /* bg_game_02.png in Resources */ = {isa = PBXBuildFile; fileRef = EBAAB0EC1B16E79400B13699 /* bg_game_02.png */; };
		EBAAB0FD1B16E79400B13699 /* bg_game_01.png in Resources */ = {isa = PBXBuildFile; fileRef = EBAAB0ED1B16E79400B13699 /* bg_game_01.png */; };
		EBAAB1031B16E79400B13699 /* icon_here.png in Resources */ = {isa = PBXBuildFile; fileRef = EBAAB0F31B16E79400B13699 /* icon_here.png */; };
		EBAAB1061B16E79400B13699 /* hen2.png in Resources */ = {isa = PBXBuildFile; fileRef = EBAAB0F61B16E79400B13699 /* hen2.png */; };
		EBAAB1071B16E79400B13699 /* hen1.png in Resources */ = {isa = PBXBuildFile; fileRef = EBAAB0F71B16E79400B13699 /* hen1.png */; };
		EBAAB1081B16E79400B13699 /* cat2.png in Resources */ = {isa = PBXBuildFile; fileRef = EBAAB0F81B16E79400B13699 /* cat2.png */; };
		EBAAB1091B16E79400B13699 /* cat1.png in Resources */ = {isa = PBXBuildFile; fileRef = EBAAB0F91B16E79400B13699 /* cat1.png */; };
		EBAAB10A1B16E79400B13699 /* dog2.png in Resources */ = {isa = PBXBuildFile; fileRef = EBAAB0FA1B16E79400B13699 /* dog2.png */; };
		EBAAB10B1B16E79400B13699 /* dog1.png in Resources */ = {isa = PBXBuildFile; fileRef = EBAAB0FB1B16E79400B13699 /* dog1.png */; };
		EBAAB10E1B16EA9B00B13699 /* sam2.png in Resources */ = {isa = PBXBuildFile; fileRef = EBAAB10C1B16EA9B00B13699 /* sam2.png */; };
		EBAAB10F1B16EA9B00B13699 /* sam1.png in Resources */ = {isa = PBXBuildFile; fileRef = EBAAB10D1B16EA9B00B13699 /* sam1.png */; };
		EBAAB1111B16EBCB00B13699 /* logo_tapstart.png in Resources */ = {isa = PBXBuildFile; fileRef = EBAAB1101B16EBCB00B13699 /* logo_tapstart.png */; };
		EBAAB1181B16F2B800B13699 /* btn_skil_01_01.png in Resources */ = {isa = PBXBuildFile; fileRef = EBAAB1121B16F2B800B13699 /* btn_skil_01_01.png */; };
		EBAAB1191B16F2B800B13699 /* btn_skil_01_00.png in Resources */ = {isa = PBXBuildFile; fileRef = EBAAB1131B16F2B800B13699 /* btn_skil_01_00.png */; };
		EBAAB11A1B16F2B800B13699 /* btn_skil_02_00.png in Resources */ = {isa = PBXBuildFile; fileRef = EBAAB1141B16F2B800B13699 /* btn_skil_02_00.png */; };
		EBAAB11B1B16F2B800B13699 /* btn_skil_02_01.png in Resources */ = {isa = PBXBuildFile; fileRef = EBAAB1151B16F2B800B13699 /* btn_skil_02_01.png */; };
		EBAAB11C1B16F2B800B13699 /* btn_skil_03_01.png in Resources */ = {isa = PBXBuildFile; fileRef = EBAAB1161B16F2B800B13699 /* btn_skil_03_01.png */; };
		EBAAB11D1B16F2B800B13699 /* btn_skil_03_00.png in Resources */ = {isa = PBXBuildFile; fileRef = EBAAB1171B16F2B800B13699 /* btn_skil_03_00.png */; };
		EBF2457E1B0EC5570003825C /* GameScene.cpp in Sources */ = {isa = PBXBuildFile; fileRef = EBF2457C1B0EC5570003825C /* GameScene.cpp */; };
		EBF245801B0ECC460003825C /* bg_game_01.png in Resources */ = {isa = PBXBuildFile; fileRef = EBF2457F1B0ECC460003825C /* bg_game_01.png */; };
/* End PBXBuildFile section */

/* Begin PBXContainerItemProxy section */
		1AC6FAF8180E9839004C840B /* PBXContainerItemProxy */ = {
			isa = PBXContainerItemProxy;
			containerPortal = 1AC6FAE5180E9839004C840B /* cocos2d_libs.xcodeproj */;
			proxyType = 2;
			remoteGlobalIDString = 1551A33F158F2AB200E66CFE;
			remoteInfo = "cocos2dx Mac";
		};
		1AC6FB06180E9839004C840B /* PBXContainerItemProxy */ = {
			isa = PBXContainerItemProxy;
			containerPortal = 1AC6FAE5180E9839004C840B /* cocos2d_libs.xcodeproj */;
			proxyType = 2;
			remoteGlobalIDString = A07A4D641783777C0073F6A7;
			remoteInfo = "cocos2dx iOS";
		};
		1AC6FB15180E9959004C840B /* PBXContainerItemProxy */ = {
			isa = PBXContainerItemProxy;
			containerPortal = 1AC6FAE5180E9839004C840B /* cocos2d_libs.xcodeproj */;
			proxyType = 1;
			remoteGlobalIDString = 1551A33E158F2AB200E66CFE;
			remoteInfo = "cocos2dx Mac";
		};
		1AC6FB24180E99E1004C840B /* PBXContainerItemProxy */ = {
			isa = PBXContainerItemProxy;
			containerPortal = 1AC6FAE5180E9839004C840B /* cocos2d_libs.xcodeproj */;
			proxyType = 1;
			remoteGlobalIDString = A07A4C241783777C0073F6A7;
			remoteInfo = "cocos2dx iOS";
		};
/* End PBXContainerItemProxy section */

/* Begin PBXFileReference section */
		1AC6FAE5180E9839004C840B /* cocos2d_libs.xcodeproj */ = {isa = PBXFileReference; lastKnownFileType = "wrapper.pb-project"; name = cocos2d_libs.xcodeproj; path = ../cocos2d/build/cocos2d_libs.xcodeproj; sourceTree = "<group>"; };
		1ACB3243164770DE00914215 /* libcurl.a */ = {isa = PBXFileReference; lastKnownFileType = archive.ar; name = libcurl.a; path = ../../cocos2dx/platform/third_party/ios/libraries/libcurl.a; sourceTree = "<group>"; };
		1D30AB110D05D00D00671497 /* Foundation.framework */ = {isa = PBXFileReference; lastKnownFileType = wrapper.framework; name = Foundation.framework; path = System/Library/Frameworks/Foundation.framework; sourceTree = SDKROOT; };
		1D6058910D05DD3D006BFB54 /* maji-kichi-kaishayamerutteyo iOS.app */ = {isa = PBXFileReference; explicitFileType = wrapper.application; includeInIndex = 0; path = "maji-kichi-kaishayamerutteyo iOS.app"; sourceTree = BUILT_PRODUCTS_DIR; };
		1DF5F4DF0D08C38300B7A737 /* UIKit.framework */ = {isa = PBXFileReference; lastKnownFileType = wrapper.framework; name = UIKit.framework; path = System/Library/Frameworks/UIKit.framework; sourceTree = SDKROOT; };
		288765A40DF7441C002DB57D /* CoreGraphics.framework */ = {isa = PBXFileReference; lastKnownFileType = wrapper.framework; name = CoreGraphics.framework; path = System/Library/Frameworks/CoreGraphics.framework; sourceTree = SDKROOT; };
		3EACC98E19EE6D4300EB3C5E /* res */ = {isa = PBXFileReference; lastKnownFileType = folder; path = res; sourceTree = "<group>"; };
		46880B7619C43A67006E1F66 /* CloseNormal.png */ = {isa = PBXFileReference; lastKnownFileType = image.png; path = CloseNormal.png; sourceTree = "<group>"; };
		46880B7719C43A67006E1F66 /* CloseSelected.png */ = {isa = PBXFileReference; lastKnownFileType = image.png; path = CloseSelected.png; sourceTree = "<group>"; };
		46880B7A19C43A67006E1F66 /* HelloWorld.png */ = {isa = PBXFileReference; lastKnownFileType = image.png; path = HelloWorld.png; sourceTree = "<group>"; };
		46880B8419C43A87006E1F66 /* AppDelegate.cpp */ = {isa = PBXFileReference; fileEncoding = 4; lastKnownFileType = sourcecode.cpp.cpp; path = AppDelegate.cpp; sourceTree = "<group>"; };
		46880B8519C43A87006E1F66 /* AppDelegate.h */ = {isa = PBXFileReference; fileEncoding = 4; lastKnownFileType = sourcecode.c.h; path = AppDelegate.h; sourceTree = "<group>"; };
		46880B8619C43A87006E1F66 /* HelloWorldScene.cpp */ = {isa = PBXFileReference; fileEncoding = 4; lastKnownFileType = sourcecode.cpp.cpp; path = HelloWorldScene.cpp; sourceTree = "<group>"; };
		46880B8719C43A87006E1F66 /* HelloWorldScene.h */ = {isa = PBXFileReference; fileEncoding = 4; lastKnownFileType = sourcecode.c.h; path = HelloWorldScene.h; sourceTree = "<group>"; };
		503AE0F617EB97AB00D1A890 /* Icon.icns */ = {isa = PBXFileReference; lastKnownFileType = image.icns; path = Icon.icns; sourceTree = "<group>"; };
		503AE0F717EB97AB00D1A890 /* Info.plist */ = {isa = PBXFileReference; fileEncoding = 4; lastKnownFileType = text.plist.xml; path = Info.plist; sourceTree = "<group>"; };
		503AE0FA17EB989F00D1A890 /* AppController.h */ = {isa = PBXFileReference; fileEncoding = 4; lastKnownFileType = sourcecode.c.h; name = AppController.h; path = ios/AppController.h; sourceTree = SOURCE_ROOT; };
		503AE0FB17EB989F00D1A890 /* AppController.mm */ = {isa = PBXFileReference; fileEncoding = 4; lastKnownFileType = sourcecode.cpp.objcpp; name = AppController.mm; path = ios/AppController.mm; sourceTree = SOURCE_ROOT; };
		503AE0FC17EB989F00D1A890 /* main.m */ = {isa = PBXFileReference; fileEncoding = 4; lastKnownFileType = sourcecode.c.objc; name = main.m; path = ios/main.m; sourceTree = SOURCE_ROOT; };
		503AE0FD17EB989F00D1A890 /* Prefix.pch */ = {isa = PBXFileReference; fileEncoding = 4; lastKnownFileType = sourcecode.c.h; name = Prefix.pch; path = ios/Prefix.pch; sourceTree = SOURCE_ROOT; };
		503AE0FE17EB989F00D1A890 /* RootViewController.h */ = {isa = PBXFileReference; fileEncoding = 4; lastKnownFileType = sourcecode.c.h; name = RootViewController.h; path = ios/RootViewController.h; sourceTree = SOURCE_ROOT; };
		503AE0FF17EB989F00D1A890 /* RootViewController.mm */ = {isa = PBXFileReference; fileEncoding = 4; lastKnownFileType = sourcecode.cpp.objcpp; name = RootViewController.mm; path = ios/RootViewController.mm; sourceTree = SOURCE_ROOT; };
		503AE10317EB98FF00D1A890 /* main.cpp */ = {isa = PBXFileReference; fileEncoding = 4; lastKnownFileType = sourcecode.cpp.cpp; name = main.cpp; path = mac/main.cpp; sourceTree = "<group>"; };
		503AE10417EB98FF00D1A890 /* Prefix.pch */ = {isa = PBXFileReference; fileEncoding = 4; lastKnownFileType = sourcecode.c.h; name = Prefix.pch; path = mac/Prefix.pch; sourceTree = "<group>"; };
		503AE11117EB99EE00D1A890 /* libcurl.dylib */ = {isa = PBXFileReference; lastKnownFileType = "compiled.mach-o.dylib"; name = libcurl.dylib; path = usr/lib/libcurl.dylib; sourceTree = SDKROOT; };
		503AE11A17EB9C5A00D1A890 /* IOKit.framework */ = {isa = PBXFileReference; lastKnownFileType = wrapper.framework; name = IOKit.framework; path = System/Library/Frameworks/IOKit.framework; sourceTree = SDKROOT; };
		5087E76F17EB910900C73F5D /* maji-kichi-kaishayamerutteyo Mac.app */ = {isa = PBXFileReference; explicitFileType = wrapper.application; includeInIndex = 0; path = "maji-kichi-kaishayamerutteyo Mac.app"; sourceTree = BUILT_PRODUCTS_DIR; };
		5087E77217EB970100C73F5D /* Default-568h@2x.png */ = {isa = PBXFileReference; lastKnownFileType = image.png; path = "Default-568h@2x.png"; sourceTree = "<group>"; };
		5087E77317EB970100C73F5D /* Default.png */ = {isa = PBXFileReference; lastKnownFileType = image.png; path = Default.png; sourceTree = "<group>"; };
		5087E77417EB970100C73F5D /* Default@2x.png */ = {isa = PBXFileReference; lastKnownFileType = image.png; path = "Default@2x.png"; sourceTree = "<group>"; };
		5087E77517EB970100C73F5D /* Icon-114.png */ = {isa = PBXFileReference; lastKnownFileType = image.png; path = "Icon-114.png"; sourceTree = "<group>"; };
		5087E77617EB970100C73F5D /* Icon-120.png */ = {isa = PBXFileReference; lastKnownFileType = image.png; path = "Icon-120.png"; sourceTree = "<group>"; };
		5087E77717EB970100C73F5D /* Icon-144.png */ = {isa = PBXFileReference; lastKnownFileType = image.png; path = "Icon-144.png"; sourceTree = "<group>"; };
		5087E77817EB970100C73F5D /* Icon-152.png */ = {isa = PBXFileReference; lastKnownFileType = image.png; path = "Icon-152.png"; sourceTree = "<group>"; };
		5087E77917EB970100C73F5D /* Icon-57.png */ = {isa = PBXFileReference; lastKnownFileType = image.png; path = "Icon-57.png"; sourceTree = "<group>"; };
		5087E77A17EB970100C73F5D /* Icon-72.png */ = {isa = PBXFileReference; lastKnownFileType = image.png; path = "Icon-72.png"; sourceTree = "<group>"; };
		5087E77B17EB970100C73F5D /* Icon-76.png */ = {isa = PBXFileReference; lastKnownFileType = image.png; path = "Icon-76.png"; sourceTree = "<group>"; };
		5087E77C17EB970100C73F5D /* Info.plist */ = {isa = PBXFileReference; fileEncoding = 4; lastKnownFileType = text.plist.xml; path = Info.plist; sourceTree = "<group>"; };
		5087E78817EB974C00C73F5D /* AppKit.framework */ = {isa = PBXFileReference; lastKnownFileType = wrapper.framework; name = AppKit.framework; path = System/Library/Frameworks/AppKit.framework; sourceTree = SDKROOT; };
		5087E78A17EB975400C73F5D /* OpenGL.framework */ = {isa = PBXFileReference; lastKnownFileType = wrapper.framework; name = OpenGL.framework; path = System/Library/Frameworks/OpenGL.framework; sourceTree = SDKROOT; };
		50EF629217ECD46A001EB2F8 /* Icon-40.png */ = {isa = PBXFileReference; lastKnownFileType = image.png; path = "Icon-40.png"; sourceTree = "<group>"; };
		50EF629317ECD46A001EB2F8 /* Icon-58.png */ = {isa = PBXFileReference; lastKnownFileType = image.png; path = "Icon-58.png"; sourceTree = "<group>"; };
		50EF629417ECD46A001EB2F8 /* Icon-80.png */ = {isa = PBXFileReference; lastKnownFileType = image.png; path = "Icon-80.png"; sourceTree = "<group>"; };
		50EF629517ECD46A001EB2F8 /* Icon-100.png */ = {isa = PBXFileReference; lastKnownFileType = image.png; path = "Icon-100.png"; sourceTree = "<group>"; };
		50EF62A017ECD613001EB2F8 /* Icon-29.png */ = {isa = PBXFileReference; lastKnownFileType = image.png; path = "Icon-29.png"; sourceTree = "<group>"; };
		50EF62A117ECD613001EB2F8 /* Icon-50.png */ = {isa = PBXFileReference; lastKnownFileType = image.png; path = "Icon-50.png"; sourceTree = "<group>"; };
		521A8E6219F0C34300D177D7 /* Default-667h@2x.png */ = {isa = PBXFileReference; lastKnownFileType = image.png; path = "Default-667h@2x.png"; sourceTree = "<group>"; };
		521A8E6319F0C34300D177D7 /* Default-736h@3x.png */ = {isa = PBXFileReference; lastKnownFileType = image.png; path = "Default-736h@3x.png"; sourceTree = "<group>"; };
		521A8EA819F11F5000D177D7 /* fonts */ = {isa = PBXFileReference; lastKnownFileType = folder; path = fonts; sourceTree = "<group>"; };
		52B47A461A53D09B004E4C60 /* Security.framework */ = {isa = PBXFileReference; lastKnownFileType = wrapper.framework; name = Security.framework; path = Platforms/iPhoneOS.platform/Developer/SDKs/iPhoneOS8.1.sdk/System/Library/Frameworks/Security.framework; sourceTree = DEVELOPER_DIR; };
		8262943D1AAF051F00CB7CF7 /* Security.framework */ = {isa = PBXFileReference; lastKnownFileType = wrapper.framework; name = Security.framework; path = System/Library/Frameworks/Security.framework; sourceTree = SDKROOT; };
		BF170DB012928DE900B8313A /* OpenGLES.framework */ = {isa = PBXFileReference; lastKnownFileType = wrapper.framework; name = OpenGLES.framework; path = System/Library/Frameworks/OpenGLES.framework; sourceTree = SDKROOT; };
		BF170DB412928DE900B8313A /* libz.dylib */ = {isa = PBXFileReference; lastKnownFileType = "compiled.mach-o.dylib"; name = libz.dylib; path = usr/lib/libz.dylib; sourceTree = SDKROOT; };
		BF1C47EA1293683800B63C5D /* QuartzCore.framework */ = {isa = PBXFileReference; lastKnownFileType = wrapper.framework; name = QuartzCore.framework; path = System/Library/Frameworks/QuartzCore.framework; sourceTree = SDKROOT; };
		D44C620B132DFF330009C878 /* OpenAL.framework */ = {isa = PBXFileReference; lastKnownFileType = wrapper.framework; name = OpenAL.framework; path = System/Library/Frameworks/OpenAL.framework; sourceTree = SDKROOT; };
		D44C620D132DFF430009C878 /* AVFoundation.framework */ = {isa = PBXFileReference; lastKnownFileType = wrapper.framework; name = AVFoundation.framework; path = System/Library/Frameworks/AVFoundation.framework; sourceTree = SDKROOT; };
		D44C620F132DFF4E0009C878 /* AudioToolbox.framework */ = {isa = PBXFileReference; lastKnownFileType = wrapper.framework; name = AudioToolbox.framework; path = System/Library/Frameworks/AudioToolbox.framework; sourceTree = SDKROOT; };
		D6B0611A1803AB670077942B /* CoreMotion.framework */ = {isa = PBXFileReference; lastKnownFileType = wrapper.framework; name = CoreMotion.framework; path = Platforms/iPhoneOS.platform/Developer/SDKs/iPhoneOS7.0.sdk/System/Library/Frameworks/CoreMotion.framework; sourceTree = DEVELOPER_DIR; };
		EB84A0611B1405ED0034593B /* Logger.h */ = {isa = PBXFileReference; lastKnownFileType = sourcecode.c.h; path = Logger.h; sourceTree = "<group>"; };
		EB84A0621B1406230034593B /* NFLog.h */ = {isa = PBXFileReference; fileEncoding = 4; lastKnownFileType = sourcecode.c.h; path = NFLog.h; sourceTree = "<group>"; };
		EB84A0631B1406230034593B /* NFLog.cpp */ = {isa = PBXFileReference; fileEncoding = 4; lastKnownFileType = sourcecode.cpp.cpp; path = NFLog.cpp; sourceTree = "<group>"; };
		EB84A0651B1408CF0034593B /* CommonDefine.h */ = {isa = PBXFileReference; lastKnownFileType = sourcecode.c.h; path = CommonDefine.h; sourceTree = "<group>"; };
		EB84A0661B14411E0034593B /* eff_explosion1.png */ = {isa = PBXFileReference; lastKnownFileType = image.png; path = eff_explosion1.png; sourceTree = "<group>"; };
		EB84A0671B14411E0034593B /* eff_explosion2.png */ = {isa = PBXFileReference; lastKnownFileType = image.png; path = eff_explosion2.png; sourceTree = "<group>"; };
		EB84A0681B14411E0034593B /* eff_explosion3.png */ = {isa = PBXFileReference; lastKnownFileType = image.png; path = eff_explosion3.png; sourceTree = "<group>"; };
		EB84A0691B14411E0034593B /* eff_explosion4.png */ = {isa = PBXFileReference; lastKnownFileType = image.png; path = eff_explosion4.png; sourceTree = "<group>"; };
		EB84A06E1B14499B0034593B /* NFNumberLayer.cpp */ = {isa = PBXFileReference; fileEncoding = 4; lastKnownFileType = sourcecode.cpp.cpp; path = NFNumberLayer.cpp; sourceTree = "<group>"; };
		EB84A06F1B14499B0034593B /* NFNumberLayer.h */ = {isa = PBXFileReference; fileEncoding = 4; lastKnownFileType = sourcecode.c.h; path = NFNumberLayer.h; sourceTree = "<group>"; };
		EB84A0711B144E780034593B /* num_distance_m_01.png */ = {isa = PBXFileReference; lastKnownFileType = image.png; path = num_distance_m_01.png; sourceTree = "<group>"; };
		EB84A0731B144FD00034593B /* num_distance_l_01.png */ = {isa = PBXFileReference; lastKnownFileType = image.png; path = num_distance_l_01.png; sourceTree = "<group>"; };
		EB84A0741B144FD00034593B /* num_distance_m_01.png */ = {isa = PBXFileReference; lastKnownFileType = image.png; path = num_distance_m_01.png; sourceTree = "<group>"; };
		EB84A0751B144FD00034593B /* num_combo_01.png */ = {isa = PBXFileReference; lastKnownFileType = image.png; path = num_combo_01.png; sourceTree = "<group>"; };
		EB84A0791B14753A0034593B /* num_distance_l_comma.png */ = {isa = PBXFileReference; lastKnownFileType = image.png; path = num_distance_l_comma.png; sourceTree = "<group>"; };
		EB8516DE1B17F88300CD12C0 /* btn_go_title_01.png */ = {isa = PBXFileReference; lastKnownFileType = image.png; path = btn_go_title_01.png; sourceTree = "<group>"; };
		EB8516DF1B17F88300CD12C0 /* btn_go_title_00.png */ = {isa = PBXFileReference; lastKnownFileType = image.png; path = btn_go_title_00.png; sourceTree = "<group>"; };
		EB8516E01B17F88300CD12C0 /* btn_reset_00.png */ = {isa = PBXFileReference; lastKnownFileType = image.png; path = btn_reset_00.png; sourceTree = "<group>"; };
		EB8516E11B17F88300CD12C0 /* btn_reset_01.png */ = {isa = PBXFileReference; lastKnownFileType = image.png; path = btn_reset_01.png; sourceTree = "<group>"; };
		EB8516E61B180EB200CD12C0 /* bg_pattern_rule.png */ = {isa = PBXFileReference; lastKnownFileType = image.png; path = bg_pattern_rule.png; sourceTree = "<group>"; };
		EB8E35FE1B0ACBFA0092B8F1 /* FixedValue.cpp */ = {isa = PBXFileReference; fileEncoding = 4; lastKnownFileType = sourcecode.cpp.cpp; path = FixedValue.cpp; sourceTree = "<group>"; };
		EB8E35FF1B0ACBFA0092B8F1 /* FixedValue.h */ = {isa = PBXFileReference; fileEncoding = 4; lastKnownFileType = sourcecode.c.h; path = FixedValue.h; sourceTree = "<group>"; };
		EB974ECA1B097EFF001A7408 /* SquarePlace.cpp */ = {isa = PBXFileReference; fileEncoding = 4; lastKnownFileType = sourcecode.cpp.cpp; path = SquarePlace.cpp; sourceTree = "<group>"; };
		EB974ECB1B097EFF001A7408 /* SquarePlace.h */ = {isa = PBXFileReference; fileEncoding = 4; lastKnownFileType = sourcecode.c.h; path = SquarePlace.h; sourceTree = "<group>"; };
		EB974ECD1B0990AD001A7408 /* square.png */ = {isa = PBXFileReference; lastKnownFileType = image.png; path = square.png; sourceTree = "<group>"; };
		EB974ECF1B099562001A7408 /* piece.png */ = {isa = PBXFileReference; lastKnownFileType = image.png; path = piece.png; sourceTree = "<group>"; };
		EB974ED11B09B5AE001A7408 /* ReversiPiece.cpp */ = {isa = PBXFileReference; fileEncoding = 4; lastKnownFileType = sourcecode.cpp.cpp; path = ReversiPiece.cpp; sourceTree = "<group>"; };
		EB974ED21B09B5AE001A7408 /* ReversiPiece.h */ = {isa = PBXFileReference; fileEncoding = 4; lastKnownFileType = sourcecode.c.h; path = ReversiPiece.h; sourceTree = "<group>"; };
		EB974EDE1B09C3D3001A7408 /* PieceDealer.cpp */ = {isa = PBXFileReference; fileEncoding = 4; lastKnownFileType = sourcecode.cpp.cpp; path = PieceDealer.cpp; sourceTree = "<group>"; };
		EB974EDF1B09C3D3001A7408 /* PieceDealer.h */ = {isa = PBXFileReference; fileEncoding = 4; lastKnownFileType = sourcecode.c.h; path = PieceDealer.h; sourceTree = "<group>"; };
		EBA296031B12C1BD00A62138 /* icon_arrow.png */ = {isa = PBXFileReference; lastKnownFileType = image.png; path = icon_arrow.png; sourceTree = "<group>"; };
		EBA296061B12F4D200A62138 /* piece_04_01.png */ = {isa = PBXFileReference; lastKnownFileType = image.png; path = piece_04_01.png; sourceTree = "<group>"; };
		EBA296071B12F4D200A62138 /* piece_01_01.png */ = {isa = PBXFileReference; lastKnownFileType = image.png; path = piece_01_01.png; sourceTree = "<group>"; };
		EBA296091B12F4D200A62138 /* piece_04_00.png */ = {isa = PBXFileReference; lastKnownFileType = image.png; path = piece_04_00.png; sourceTree = "<group>"; };
		EBA2960A1B12F4D200A62138 /* piece_01_00.png */ = {isa = PBXFileReference; lastKnownFileType = image.png; path = piece_01_00.png; sourceTree = "<group>"; };
		EBA2960B1B12F4D200A62138 /* piece_02_00.png */ = {isa = PBXFileReference; lastKnownFileType = image.png; path = piece_02_00.png; sourceTree = "<group>"; };
		EBA2960C1B12F4D200A62138 /* piece_03_00.png */ = {isa = PBXFileReference; lastKnownFileType = image.png; path = piece_03_00.png; sourceTree = "<group>"; };
		EBA296151B12FE4F00A62138 /* piece_03_01.png */ = {isa = PBXFileReference; lastKnownFileType = image.png; path = piece_03_01.png; sourceTree = "<group>"; };
		EBA296161B12FE4F00A62138 /* piece_02_01.png */ = {isa = PBXFileReference; lastKnownFileType = image.png; path = piece_02_01.png; sourceTree = "<group>"; };
		EBA303701B15B4F7003B7932 /* icon_piece_info.png */ = {isa = PBXFileReference; lastKnownFileType = image.png; path = icon_piece_info.png; sourceTree = "<group>"; };
		EBA303721B15C2C6003B7932 /* icon_here.png */ = {isa = PBXFileReference; lastKnownFileType = image.png; path = icon_here.png; sourceTree = "<group>"; };
		EBA596AC1B155A4D00EE3800 /* GameResultLayer.cpp */ = {isa = PBXFileReference; fileEncoding = 4; lastKnownFileType = sourcecode.cpp.cpp; path = GameResultLayer.cpp; sourceTree = "<group>"; };
		EBA596AD1B155A4D00EE3800 /* GameResultLayer.h */ = {isa = PBXFileReference; fileEncoding = 4; lastKnownFileType = sourcecode.c.h; path = GameResultLayer.h; sourceTree = "<group>"; };
		EBA596AF1B1560B100EE3800 /* logo_gameover.png */ = {isa = PBXFileReference; lastKnownFileType = image.png; path = logo_gameover.png; sourceTree = "<group>"; };
		EBA596B01B1560B100EE3800 /* logo_clear.png */ = {isa = PBXFileReference; lastKnownFileType = image.png; path = logo_clear.png; sourceTree = "<group>"; };
		EBA596B11B1560B100EE3800 /* bg_pattern_clear.png */ = {isa = PBXFileReference; lastKnownFileType = image.png; path = bg_pattern_clear.png; sourceTree = "<group>"; };
		EBA596B21B1560B100EE3800 /* bg_pattern_gameover.png */ = {isa = PBXFileReference; lastKnownFileType = image.png; path = bg_pattern_gameover.png; sourceTree = "<group>"; };
		EBAAB0E91B16E68A00B13699 /* TitleScene.cpp */ = {isa = PBXFileReference; fileEncoding = 4; lastKnownFileType = sourcecode.cpp.cpp; path = TitleScene.cpp; sourceTree = "<group>"; };
		EBAAB0EA1B16E68A00B13699 /* TitleScene.h */ = {isa = PBXFileReference; fileEncoding = 4; lastKnownFileType = sourcecode.c.h; path = TitleScene.h; sourceTree = "<group>"; };
		EBAAB0EC1B16E79400B13699 /* bg_game_02.png */ = {isa = PBXFileReference; lastKnownFileType = image.png; path = bg_game_02.png; sourceTree = "<group>"; };
		EBAAB0ED1B16E79400B13699 /* bg_game_01.png */ = {isa = PBXFileReference; lastKnownFileType = image.png; path = bg_game_01.png; sourceTree = "<group>"; };
		EBAAB0F31B16E79400B13699 /* icon_here.png */ = {isa = PBXFileReference; lastKnownFileType = image.png; path = icon_here.png; sourceTree = "<group>"; };
		EBAAB0F61B16E79400B13699 /* hen2.png */ = {isa = PBXFileReference; lastKnownFileType = image.png; path = hen2.png; sourceTree = "<group>"; };
		EBAAB0F71B16E79400B13699 /* hen1.png */ = {isa = PBXFileReference; lastKnownFileType = image.png; path = hen1.png; sourceTree = "<group>"; };
		EBAAB0F81B16E79400B13699 /* cat2.png */ = {isa = PBXFileReference; lastKnownFileType = image.png; path = cat2.png; sourceTree = "<group>"; };
		EBAAB0F91B16E79400B13699 /* cat1.png */ = {isa = PBXFileReference; lastKnownFileType = image.png; path = cat1.png; sourceTree = "<group>"; };
		EBAAB0FA1B16E79400B13699 /* dog2.png */ = {isa = PBXFileReference; lastKnownFileType = image.png; path = dog2.png; sourceTree = "<group>"; };
		EBAAB0FB1B16E79400B13699 /* dog1.png */ = {isa = PBXFileReference; lastKnownFileType = image.png; path = dog1.png; sourceTree = "<group>"; };
		EBAAB10C1B16EA9B00B13699 /* sam2.png */ = {isa = PBXFileReference; lastKnownFileType = image.png; path = sam2.png; sourceTree = "<group>"; };
		EBAAB10D1B16EA9B00B13699 /* sam1.png */ = {isa = PBXFileReference; lastKnownFileType = image.png; path = sam1.png; sourceTree = "<group>"; };
		EBAAB1101B16EBCB00B13699 /* logo_tapstart.png */ = {isa = PBXFileReference; lastKnownFileType = image.png; path = logo_tapstart.png; sourceTree = "<group>"; };
		EBAAB1121B16F2B800B13699 /* btn_skil_01_01.png */ = {isa = PBXFileReference; lastKnownFileType = image.png; path = btn_skil_01_01.png; sourceTree = "<group>"; };
		EBAAB1131B16F2B800B13699 /* btn_skil_01_00.png */ = {isa = PBXFileReference; lastKnownFileType = image.png; path = btn_skil_01_00.png; sourceTree = "<group>"; };
		EBAAB1141B16F2B800B13699 /* btn_skil_02_00.png */ = {isa = PBXFileReference; lastKnownFileType = image.png; path = btn_skil_02_00.png; sourceTree = "<group>"; };
		EBAAB1151B16F2B800B13699 /* btn_skil_02_01.png */ = {isa = PBXFileReference; lastKnownFileType = image.png; path = btn_skil_02_01.png; sourceTree = "<group>"; };
		EBAAB1161B16F2B800B13699 /* btn_skil_03_01.png */ = {isa = PBXFileReference; lastKnownFileType = image.png; path = btn_skil_03_01.png; sourceTree = "<group>"; };
		EBAAB1171B16F2B800B13699 /* btn_skil_03_00.png */ = {isa = PBXFileReference; lastKnownFileType = image.png; path = btn_skil_03_00.png; sourceTree = "<group>"; };
		EBF2457C1B0EC5570003825C /* GameScene.cpp */ = {isa = PBXFileReference; fileEncoding = 4; lastKnownFileType = sourcecode.cpp.cpp; path = GameScene.cpp; sourceTree = "<group>"; };
		EBF2457D1B0EC5570003825C /* GameScene.h */ = {isa = PBXFileReference; fileEncoding = 4; lastKnownFileType = sourcecode.c.h; path = GameScene.h; sourceTree = "<group>"; };
		EBF2457F1B0ECC460003825C /* bg_game_01.png */ = {isa = PBXFileReference; lastKnownFileType = image.png; path = bg_game_01.png; sourceTree = "<group>"; };
/* End PBXFileReference section */

/* Begin PBXFrameworksBuildPhase section */
		1D60588F0D05DD3D006BFB54 /* Frameworks */ = {
			isa = PBXFrameworksBuildPhase;
			buildActionMask = 2147483647;
			files = (
				52B47A471A53D09C004E4C60 /* Security.framework in Frameworks */,
				1AC6FB30180E99EB004C840B /* libcocos2d iOS.a in Frameworks */,
				D6B0611B1803AB670077942B /* CoreMotion.framework in Frameworks */,
				1D60589F0D05DD5A006BFB54 /* Foundation.framework in Frameworks */,
				1DF5F4E00D08C38300B7A737 /* UIKit.framework in Frameworks */,
				288765A50DF7441C002DB57D /* CoreGraphics.framework in Frameworks */,
				BF171245129291EC00B8313A /* OpenGLES.framework in Frameworks */,
				BF1712471292920000B8313A /* libz.dylib in Frameworks */,
				BF1C47F01293687400B63C5D /* QuartzCore.framework in Frameworks */,
				D44C620C132DFF330009C878 /* OpenAL.framework in Frameworks */,
				D44C620E132DFF430009C878 /* AVFoundation.framework in Frameworks */,
				D44C6210132DFF4E0009C878 /* AudioToolbox.framework in Frameworks */,
			);
			runOnlyForDeploymentPostprocessing = 0;
		};
		5087E75C17EB910900C73F5D /* Frameworks */ = {
			isa = PBXFrameworksBuildPhase;
			buildActionMask = 2147483647;
			files = (
				1AC6FB21180E996B004C840B /* libcocos2d Mac.a in Frameworks */,
				5087E76717EB910900C73F5D /* libz.dylib in Frameworks */,
				8262943E1AAF051F00CB7CF7 /* Security.framework in Frameworks */,
				503AE11B17EB9C5A00D1A890 /* IOKit.framework in Frameworks */,
				5087E78B17EB975400C73F5D /* OpenGL.framework in Frameworks */,
				5087E78917EB974C00C73F5D /* AppKit.framework in Frameworks */,
				5087E76317EB910900C73F5D /* Foundation.framework in Frameworks */,
				5087E76817EB910900C73F5D /* QuartzCore.framework in Frameworks */,
				5087E76917EB910900C73F5D /* OpenAL.framework in Frameworks */,
				5087E76A17EB910900C73F5D /* AVFoundation.framework in Frameworks */,
				5087E76B17EB910900C73F5D /* AudioToolbox.framework in Frameworks */,
			);
			runOnlyForDeploymentPostprocessing = 0;
		};
/* End PBXFrameworksBuildPhase section */

/* Begin PBXGroup section */
		080E96DDFE201D6D7F000001 /* ios */ = {
			isa = PBXGroup;
			children = (
				5087E77117EB970100C73F5D /* Icons */,
				503AE0FA17EB989F00D1A890 /* AppController.h */,
				503AE0FB17EB989F00D1A890 /* AppController.mm */,
				503AE0FC17EB989F00D1A890 /* main.m */,
				503AE0FD17EB989F00D1A890 /* Prefix.pch */,
				503AE0FE17EB989F00D1A890 /* RootViewController.h */,
				503AE0FF17EB989F00D1A890 /* RootViewController.mm */,
			);
			name = ios;
			path = Classes;
			sourceTree = "<group>";
		};
		19C28FACFE9D520D11CA2CBB /* Products */ = {
			isa = PBXGroup;
			children = (
				1D6058910D05DD3D006BFB54 /* maji-kichi-kaishayamerutteyo iOS.app */,
				5087E76F17EB910900C73F5D /* maji-kichi-kaishayamerutteyo Mac.app */,
			);
			name = Products;
			sourceTree = "<group>";
		};
		1AC6FAE6180E9839004C840B /* Products */ = {
			isa = PBXGroup;
			children = (
				1AC6FAF9180E9839004C840B /* libcocos2d Mac.a */,
				1AC6FB07180E9839004C840B /* libcocos2d iOS.a */,
			);
			name = Products;
			sourceTree = "<group>";
		};
		29B97314FDCFA39411CA2CEA /* CustomTemplate */ = {
			isa = PBXGroup;
			children = (
				46880B8319C43A87006E1F66 /* Classes */,
				46880B7519C43A67006E1F66 /* Resources */,
				1AC6FAE5180E9839004C840B /* cocos2d_libs.xcodeproj */,
				29B97323FDCFA39411CA2CEA /* Frameworks */,
				080E96DDFE201D6D7F000001 /* ios */,
				503AE10617EB990700D1A890 /* mac */,
				19C28FACFE9D520D11CA2CBB /* Products */,
			);
			name = CustomTemplate;
			sourceTree = "<group>";
		};
		29B97323FDCFA39411CA2CEA /* Frameworks */ = {
			isa = PBXGroup;
			children = (
				8262943D1AAF051F00CB7CF7 /* Security.framework */,
				52B47A461A53D09B004E4C60 /* Security.framework */,
				D6B0611A1803AB670077942B /* CoreMotion.framework */,
				503AE11A17EB9C5A00D1A890 /* IOKit.framework */,
				503AE11117EB99EE00D1A890 /* libcurl.dylib */,
				5087E78A17EB975400C73F5D /* OpenGL.framework */,
				5087E78817EB974C00C73F5D /* AppKit.framework */,
				1ACB3243164770DE00914215 /* libcurl.a */,
				BF170DB412928DE900B8313A /* libz.dylib */,
				D44C620F132DFF4E0009C878 /* AudioToolbox.framework */,
				D44C620D132DFF430009C878 /* AVFoundation.framework */,
				288765A40DF7441C002DB57D /* CoreGraphics.framework */,
				1D30AB110D05D00D00671497 /* Foundation.framework */,
				D44C620B132DFF330009C878 /* OpenAL.framework */,
				BF170DB012928DE900B8313A /* OpenGLES.framework */,
				BF1C47EA1293683800B63C5D /* QuartzCore.framework */,
				1DF5F4DF0D08C38300B7A737 /* UIKit.framework */,
			);
			name = Frameworks;
			sourceTree = "<group>";
		};
		46880B7519C43A67006E1F66 /* Resources */ = {
			isa = PBXGroup;
			children = (
				EB8516E61B180EB200CD12C0 /* bg_pattern_rule.png */,
				EB8516DE1B17F88300CD12C0 /* btn_go_title_01.png */,
				EB8516DF1B17F88300CD12C0 /* btn_go_title_00.png */,
				EB8516E01B17F88300CD12C0 /* btn_reset_00.png */,
				EB8516E11B17F88300CD12C0 /* btn_reset_01.png */,
				EBAAB1121B16F2B800B13699 /* btn_skil_01_01.png */,
				EBAAB1131B16F2B800B13699 /* btn_skil_01_00.png */,
				EBAAB1141B16F2B800B13699 /* btn_skil_02_00.png */,
				EBAAB1151B16F2B800B13699 /* btn_skil_02_01.png */,
				EBAAB1161B16F2B800B13699 /* btn_skil_03_01.png */,
				EBAAB1171B16F2B800B13699 /* btn_skil_03_00.png */,
				EBAAB1101B16EBCB00B13699 /* logo_tapstart.png */,
				EBAAB0EC1B16E79400B13699 /* bg_game_02.png */,
				EBAAB0ED1B16E79400B13699 /* bg_game_01.png */,
				EBAAB0F31B16E79400B13699 /* icon_here.png */,
				EBAAB0F61B16E79400B13699 /* hen2.png */,
				EBAAB0F71B16E79400B13699 /* hen1.png */,
				EBAAB0F81B16E79400B13699 /* cat2.png */,
				EBAAB0F91B16E79400B13699 /* cat1.png */,
				EBAAB0FA1B16E79400B13699 /* dog2.png */,
				EBAAB0FB1B16E79400B13699 /* dog1.png */,
				EBA303721B15C2C6003B7932 /* icon_here.png */,
				EBAAB10C1B16EA9B00B13699 /* sam2.png */,
				EBAAB10D1B16EA9B00B13699 /* sam1.png */,
				EBA303701B15B4F7003B7932 /* icon_piece_info.png */,
				EBA596AF1B1560B100EE3800 /* logo_gameover.png */,
				EBA596B01B1560B100EE3800 /* logo_clear.png */,
				EBA596B11B1560B100EE3800 /* bg_pattern_clear.png */,
				EBA596B21B1560B100EE3800 /* bg_pattern_gameover.png */,
				EB84A0791B14753A0034593B /* num_distance_l_comma.png */,
				EB84A0711B144E780034593B /* num_distance_m_01.png */,
				EB84A0661B14411E0034593B /* eff_explosion1.png */,
				EB84A0731B144FD00034593B /* num_distance_l_01.png */,
				EB84A0741B144FD00034593B /* num_distance_m_01.png */,
				EB84A0751B144FD00034593B /* num_combo_01.png */,
				EB84A0671B14411E0034593B /* eff_explosion2.png */,
				EB84A0681B14411E0034593B /* eff_explosion3.png */,
				EB84A0691B14411E0034593B /* eff_explosion4.png */,
				EBA296061B12F4D200A62138 /* piece_04_01.png */,
				EBA296151B12FE4F00A62138 /* piece_03_01.png */,
				EBA296161B12FE4F00A62138 /* piece_02_01.png */,
				EBA296071B12F4D200A62138 /* piece_01_01.png */,
				EBA296091B12F4D200A62138 /* piece_04_00.png */,
				EBA2960A1B12F4D200A62138 /* piece_01_00.png */,
				EBA2960B1B12F4D200A62138 /* piece_02_00.png */,
				EBA2960C1B12F4D200A62138 /* piece_03_00.png */,
				EBA296031B12C1BD00A62138 /* icon_arrow.png */,
				EBF2457F1B0ECC460003825C /* bg_game_01.png */,
				EB974ECD1B0990AD001A7408 /* square.png */,
				EB974ECF1B099562001A7408 /* piece.png */,
				521A8EA819F11F5000D177D7 /* fonts */,
				3EACC98E19EE6D4300EB3C5E /* res */,
				46880B7619C43A67006E1F66 /* CloseNormal.png */,
				46880B7719C43A67006E1F66 /* CloseSelected.png */,
				46880B7A19C43A67006E1F66 /* HelloWorld.png */,
			);
			name = Resources;
			path = ../Resources;
			sourceTree = "<group>";
		};
		46880B8319C43A87006E1F66 /* Classes */ = {
			isa = PBXGroup;
			children = (
				EB84A0651B1408CF0034593B /* CommonDefine.h */,
				EB84A0621B1406230034593B /* NFLog.h */,
				EB84A0631B1406230034593B /* NFLog.cpp */,
				EB84A0611B1405ED0034593B /* Logger.h */,
				46880B8419C43A87006E1F66 /* AppDelegate.cpp */,
				46880B8519C43A87006E1F66 /* AppDelegate.h */,
				46880B8619C43A87006E1F66 /* HelloWorldScene.cpp */,
				46880B8719C43A87006E1F66 /* HelloWorldScene.h */,
				EB974ECA1B097EFF001A7408 /* SquarePlace.cpp */,
				EB974ECB1B097EFF001A7408 /* SquarePlace.h */,
				EB974ED11B09B5AE001A7408 /* ReversiPiece.cpp */,
				EB974ED21B09B5AE001A7408 /* ReversiPiece.h */,
				EB974EDE1B09C3D3001A7408 /* PieceDealer.cpp */,
				EB974EDF1B09C3D3001A7408 /* PieceDealer.h */,
				EB8E35FE1B0ACBFA0092B8F1 /* FixedValue.cpp */,
				EB8E35FF1B0ACBFA0092B8F1 /* FixedValue.h */,
				EB84A06E1B14499B0034593B /* NFNumberLayer.cpp */,
				EB84A06F1B14499B0034593B /* NFNumberLayer.h */,
				EBF2457C1B0EC5570003825C /* GameScene.cpp */,
				EBF2457D1B0EC5570003825C /* GameScene.h */,
				EBA596AC1B155A4D00EE3800 /* GameResultLayer.cpp */,
				EBA596AD1B155A4D00EE3800 /* GameResultLayer.h */,
				EBAAB0E91B16E68A00B13699 /* TitleScene.cpp */,
				EBAAB0EA1B16E68A00B13699 /* TitleScene.h */,
			);
			name = Classes;
			path = ../Classes;
			sourceTree = "<group>";
		};
		503AE0F517EB97AB00D1A890 /* Icons */ = {
			isa = PBXGroup;
			children = (
				503AE0F617EB97AB00D1A890 /* Icon.icns */,
				503AE0F717EB97AB00D1A890 /* Info.plist */,
			);
			name = Icons;
			path = mac;
			sourceTree = SOURCE_ROOT;
		};
		503AE10617EB990700D1A890 /* mac */ = {
			isa = PBXGroup;
			children = (
				503AE0F517EB97AB00D1A890 /* Icons */,
				503AE10317EB98FF00D1A890 /* main.cpp */,
				503AE10417EB98FF00D1A890 /* Prefix.pch */,
			);
			name = mac;
			sourceTree = "<group>";
		};
		5087E77117EB970100C73F5D /* Icons */ = {
			isa = PBXGroup;
			children = (
				521A8E6219F0C34300D177D7 /* Default-667h@2x.png */,
				521A8E6319F0C34300D177D7 /* Default-736h@3x.png */,
				5087E77217EB970100C73F5D /* Default-568h@2x.png */,
				5087E77317EB970100C73F5D /* Default.png */,
				5087E77417EB970100C73F5D /* Default@2x.png */,
				50EF62A017ECD613001EB2F8 /* Icon-29.png */,
				50EF62A117ECD613001EB2F8 /* Icon-50.png */,
				50EF629217ECD46A001EB2F8 /* Icon-40.png */,
				50EF629317ECD46A001EB2F8 /* Icon-58.png */,
				50EF629417ECD46A001EB2F8 /* Icon-80.png */,
				50EF629517ECD46A001EB2F8 /* Icon-100.png */,
				5087E77517EB970100C73F5D /* Icon-114.png */,
				5087E77617EB970100C73F5D /* Icon-120.png */,
				5087E77717EB970100C73F5D /* Icon-144.png */,
				5087E77817EB970100C73F5D /* Icon-152.png */,
				5087E77917EB970100C73F5D /* Icon-57.png */,
				5087E77A17EB970100C73F5D /* Icon-72.png */,
				5087E77B17EB970100C73F5D /* Icon-76.png */,
				5087E77C17EB970100C73F5D /* Info.plist */,
			);
			name = Icons;
			path = ios;
			sourceTree = SOURCE_ROOT;
		};
/* End PBXGroup section */

/* Begin PBXNativeTarget section */
		1D6058900D05DD3D006BFB54 /* maji-kichi-kaishayamerutteyo iOS */ = {
			isa = PBXNativeTarget;
			buildConfigurationList = 1D6058960D05DD3E006BFB54 /* Build configuration list for PBXNativeTarget "maji-kichi-kaishayamerutteyo iOS" */;
			buildPhases = (
				1D60588D0D05DD3D006BFB54 /* Resources */,
				1D60588E0D05DD3D006BFB54 /* Sources */,
				1D60588F0D05DD3D006BFB54 /* Frameworks */,
			);
			buildRules = (
			);
			dependencies = (
				1AC6FB25180E99E1004C840B /* PBXTargetDependency */,
			);
			name = "maji-kichi-kaishayamerutteyo iOS";
			productName = iphone;
			productReference = 1D6058910D05DD3D006BFB54 /* maji-kichi-kaishayamerutteyo iOS.app */;
			productType = "com.apple.product-type.application";
		};
		5087E73D17EB910900C73F5D /* maji-kichi-kaishayamerutteyo Mac */ = {
			isa = PBXNativeTarget;
			buildConfigurationList = 5087E76C17EB910900C73F5D /* Build configuration list for PBXNativeTarget "maji-kichi-kaishayamerutteyo Mac" */;
			buildPhases = (
				5087E74817EB910900C73F5D /* Resources */,
				5087E75617EB910900C73F5D /* Sources */,
				5087E75C17EB910900C73F5D /* Frameworks */,
			);
			buildRules = (
			);
			dependencies = (
				1AC6FB16180E9959004C840B /* PBXTargetDependency */,
			);
			name = "maji-kichi-kaishayamerutteyo Mac";
			productName = iphone;
			productReference = 5087E76F17EB910900C73F5D /* maji-kichi-kaishayamerutteyo Mac.app */;
			productType = "com.apple.product-type.application";
		};
/* End PBXNativeTarget section */

/* Begin PBXProject section */
		29B97313FDCFA39411CA2CEA /* Project object */ = {
			isa = PBXProject;
			attributes = {
				LastUpgradeCheck = 0500;
				TargetAttributes = {
					1D6058900D05DD3D006BFB54 = {
						DevelopmentTeam = V859Q9B43N;
					};
				};
			};
			buildConfigurationList = C01FCF4E08A954540054247B /* Build configuration list for PBXProject "maji-kichi-kaishayamerutteyo" */;
			compatibilityVersion = "Xcode 3.2";
			developmentRegion = English;
			hasScannedForEncodings = 1;
			knownRegions = (
				English,
				Japanese,
				French,
				German,
			);
			mainGroup = 29B97314FDCFA39411CA2CEA /* CustomTemplate */;
			projectDirPath = "";
			projectReferences = (
				{
					ProductGroup = 1AC6FAE6180E9839004C840B /* Products */;
					ProjectRef = 1AC6FAE5180E9839004C840B /* cocos2d_libs.xcodeproj */;
				},
			);
			projectRoot = "";
			targets = (
				1D6058900D05DD3D006BFB54 /* maji-kichi-kaishayamerutteyo iOS */,
				5087E73D17EB910900C73F5D /* maji-kichi-kaishayamerutteyo Mac */,
			);
		};
/* End PBXProject section */

/* Begin PBXReferenceProxy section */
		1AC6FAF9180E9839004C840B /* libcocos2d Mac.a */ = {
			isa = PBXReferenceProxy;
			fileType = archive.ar;
			path = "libcocos2d Mac.a";
			remoteRef = 1AC6FAF8180E9839004C840B /* PBXContainerItemProxy */;
			sourceTree = BUILT_PRODUCTS_DIR;
		};
		1AC6FB07180E9839004C840B /* libcocos2d iOS.a */ = {
			isa = PBXReferenceProxy;
			fileType = archive.ar;
			path = "libcocos2d iOS.a";
			remoteRef = 1AC6FB06180E9839004C840B /* PBXContainerItemProxy */;
			sourceTree = BUILT_PRODUCTS_DIR;
		};
/* End PBXReferenceProxy section */

/* Begin PBXResourcesBuildPhase section */
		1D60588D0D05DD3D006BFB54 /* Resources */ = {
			isa = PBXResourcesBuildPhase;
			buildActionMask = 2147483647;
			files = (
				EBA596B41B1560B100EE3800 /* logo_clear.png in Resources */,
				EB8516E51B17F88300CD12C0 /* btn_reset_01.png in Resources */,
				EBAAB10E1B16EA9B00B13699 /* sam2.png in Resources */,
				5087E78117EB970100C73F5D /* Icon-120.png in Resources */,
				EBA2960E1B12F4D200A62138 /* piece_04_01.png in Resources */,
				5087E78617EB970100C73F5D /* Icon-76.png in Resources */,
				5087E77F17EB970100C73F5D /* Default@2x.png in Resources */,
				EBA596B61B1560B100EE3800 /* bg_pattern_gameover.png in Resources */,
				EBA296171B12FE4F00A62138 /* piece_03_01.png in Resources */,
				50EF629917ECD46A001EB2F8 /* Icon-100.png in Resources */,
				EBAAB1071B16E79400B13699 /* hen1.png in Resources */,
				5087E78317EB970100C73F5D /* Icon-152.png in Resources */,
				EB8516E31B17F88300CD12C0 /* btn_go_title_00.png in Resources */,
				EBA296131B12F4D200A62138 /* piece_02_00.png in Resources */,
				46880B8119C43A67006E1F66 /* HelloWorld.png in Resources */,
				46880B7D19C43A67006E1F66 /* CloseSelected.png in Resources */,
				EBA296121B12F4D200A62138 /* piece_01_00.png in Resources */,
				EB84A06A1B14411E0034593B /* eff_explosion1.png in Resources */,
				EBAAB11B1B16F2B800B13699 /* btn_skil_02_01.png in Resources */,
				EBA2960F1B12F4D200A62138 /* piece_01_01.png in Resources */,
				5087E77D17EB970100C73F5D /* Default-568h@2x.png in Resources */,
				EBA296111B12F4D200A62138 /* piece_04_00.png in Resources */,
				5087E78517EB970100C73F5D /* Icon-72.png in Resources */,
				EBAAB1181B16F2B800B13699 /* btn_skil_01_01.png in Resources */,
				EBAAB10A1B16E79400B13699 /* dog2.png in Resources */,
				521A8E6519F0C34300D177D7 /* Default-736h@3x.png in Resources */,
				EBA596B51B1560B100EE3800 /* bg_pattern_clear.png in Resources */,
				EBA296141B12F4D200A62138 /* piece_03_00.png in Resources */,
				521A8EA919F11F5000D177D7 /* fonts in Resources */,
				EBAAB1191B16F2B800B13699 /* btn_skil_01_00.png in Resources */,
				EB84A06B1B14411E0034593B /* eff_explosion2.png in Resources */,
				50EF62A317ECD613001EB2F8 /* Icon-50.png in Resources */,
				EBAAB1061B16E79400B13699 /* hen2.png in Resources */,
				5087E78017EB970100C73F5D /* Icon-114.png in Resources */,
				EB84A0771B144FD00034593B /* num_distance_m_01.png in Resources */,
				EB8516E71B180EB200CD12C0 /* bg_pattern_rule.png in Resources */,
				EBAAB10B1B16E79400B13699 /* dog1.png in Resources */,
				EBAAB0FC1B16E79400B13699 /* bg_game_02.png in Resources */,
				EB84A0721B144E780034593B /* num_distance_m_01.png in Resources */,
				EBA303711B15B4F7003B7932 /* icon_piece_info.png in Resources */,
				EB84A07A1B14753A0034593B /* num_distance_l_comma.png in Resources */,
				EBAAB1031B16E79400B13699 /* icon_here.png in Resources */,
				EBAAB11C1B16F2B800B13699 /* btn_skil_03_01.png in Resources */,
				EBAAB1091B16E79400B13699 /* cat1.png in Resources */,
				EB8516E41B17F88300CD12C0 /* btn_reset_00.png in Resources */,
				50EF62A217ECD613001EB2F8 /* Icon-29.png in Resources */,
				EB84A06D1B14411E0034593B /* eff_explosion4.png in Resources */,
				50EF629617ECD46A001EB2F8 /* Icon-40.png in Resources */,
				EBA303731B15C2C6003B7932 /* icon_here.png in Resources */,
				EBF245801B0ECC460003825C /* bg_game_01.png in Resources */,
				EBAAB0FD1B16E79400B13699 /* bg_game_01.png in Resources */,
				EBA296041B12C1BD00A62138 /* icon_arrow.png in Resources */,
				EBA596B31B1560B100EE3800 /* logo_gameover.png in Resources */,
				5087E78217EB970100C73F5D /* Icon-144.png in Resources */,
				3EACC98F19EE6D4300EB3C5E /* res in Resources */,
				EBA296181B12FE4F00A62138 /* piece_02_01.png in Resources */,
				EB84A0761B144FD00034593B /* num_distance_l_01.png in Resources */,
				EB84A06C1B14411E0034593B /* eff_explosion3.png in Resources */,
				50EF629817ECD46A001EB2F8 /* Icon-80.png in Resources */,
				5087E78417EB970100C73F5D /* Icon-57.png in Resources */,
				5087E77E17EB970100C73F5D /* Default.png in Resources */,
				EB8516E21B17F88300CD12C0 /* btn_go_title_01.png in Resources */,
				521A8E6419F0C34300D177D7 /* Default-667h@2x.png in Resources */,
				46880B7B19C43A67006E1F66 /* CloseNormal.png in Resources */,
				EBAAB11A1B16F2B800B13699 /* btn_skil_02_00.png in Resources */,
				EBAAB10F1B16EA9B00B13699 /* sam1.png in Resources */,
				EBAAB1081B16E79400B13699 /* cat2.png in Resources */,
				EB974ED01B099562001A7408 /* piece.png in Resources */,
				EBAAB1111B16EBCB00B13699 /* logo_tapstart.png in Resources */,
				EBAAB11D1B16F2B800B13699 /* btn_skil_03_00.png in Resources */,
				EB974ECE1B0990AD001A7408 /* square.png in Resources */,
				EB84A0781B144FD00034593B /* num_combo_01.png in Resources */,
				50EF629717ECD46A001EB2F8 /* Icon-58.png in Resources */,
			);
			runOnlyForDeploymentPostprocessing = 0;
		};
		5087E74817EB910900C73F5D /* Resources */ = {
			isa = PBXResourcesBuildPhase;
			buildActionMask = 2147483647;
			files = (
				46880B8219C43A67006E1F66 /* HelloWorld.png in Resources */,
				503AE0F817EB97AB00D1A890 /* Icon.icns in Resources */,
				3EACC99019EE6D4300EB3C5E /* res in Resources */,
				521A8EAA19F11F5000D177D7 /* fonts in Resources */,
				46880B7C19C43A67006E1F66 /* CloseNormal.png in Resources */,
				46880B7E19C43A67006E1F66 /* CloseSelected.png in Resources */,
			);
			runOnlyForDeploymentPostprocessing = 0;
		};
/* End PBXResourcesBuildPhase section */

/* Begin PBXSourcesBuildPhase section */
		1D60588E0D05DD3D006BFB54 /* Sources */ = {
			isa = PBXSourcesBuildPhase;
			buildActionMask = 2147483647;
			files = (
				EBF2457E1B0EC5570003825C /* GameScene.cpp in Sources */,
				46880B8819C43A87006E1F66 /* AppDelegate.cpp in Sources */,
				46880B8A19C43A87006E1F66 /* HelloWorldScene.cpp in Sources */,
				503AE10017EB989F00D1A890 /* AppController.mm in Sources */,
				EB974EE01B09C3D3001A7408 /* PieceDealer.cpp in Sources */,
				EB974ECC1B097EFF001A7408 /* SquarePlace.cpp in Sources */,
				503AE10217EB989F00D1A890 /* RootViewController.mm in Sources */,
				EB84A0641B1406230034593B /* NFLog.cpp in Sources */,
				EBA596AE1B155A4D00EE3800 /* GameResultLayer.cpp in Sources */,
				EB84A0701B14499B0034593B /* NFNumberLayer.cpp in Sources */,
				EB974ED31B09B5AE001A7408 /* ReversiPiece.cpp in Sources */,
				503AE10117EB989F00D1A890 /* main.m in Sources */,
				EB8E36001B0ACBFA0092B8F1 /* FixedValue.cpp in Sources */,
				EBAAB0EB1B16E68A00B13699 /* TitleScene.cpp in Sources */,
			);
			runOnlyForDeploymentPostprocessing = 0;
		};
		5087E75617EB910900C73F5D /* Sources */ = {
			isa = PBXSourcesBuildPhase;
			buildActionMask = 2147483647;
			files = (
				EB974EE11B09CA6B001A7408 /* PieceDealer.cpp in Sources */,
				46880B8919C43A87006E1F66 /* AppDelegate.cpp in Sources */,
				EB974EE61B09CC17001A7408 /* SquarePlace.cpp in Sources */,
				503AE10517EB98FF00D1A890 /* main.cpp in Sources */,
				EB974EE51B09CC10001A7408 /* ReversiPiece.cpp in Sources */,
				46880B8B19C43A87006E1F66 /* HelloWorldScene.cpp in Sources */,
			);
			runOnlyForDeploymentPostprocessing = 0;
		};
/* End PBXSourcesBuildPhase section */

/* Begin PBXTargetDependency section */
		1AC6FB16180E9959004C840B /* PBXTargetDependency */ = {
			isa = PBXTargetDependency;
			name = "cocos2dx Mac";
			targetProxy = 1AC6FB15180E9959004C840B /* PBXContainerItemProxy */;
		};
		1AC6FB25180E99E1004C840B /* PBXTargetDependency */ = {
			isa = PBXTargetDependency;
			name = "cocos2dx iOS";
			targetProxy = 1AC6FB24180E99E1004C840B /* PBXContainerItemProxy */;
		};
/* End PBXTargetDependency section */

/* Begin XCBuildConfiguration section */
		1D6058940D05DD3E006BFB54 /* Debug */ = {
			isa = XCBuildConfiguration;
			buildSettings = {
				ALWAYS_SEARCH_USER_PATHS = YES;
				CODE_SIGN_IDENTITY = "iPhone Developer";
				"CODE_SIGN_IDENTITY[sdk=iphoneos*]" = "iPhone Developer";
				COMPRESS_PNG_FILES = NO;
				GCC_DYNAMIC_NO_PIC = NO;
				GCC_INLINES_ARE_PRIVATE_EXTERN = NO;
				GCC_PRECOMPILE_PREFIX_HEADER = YES;
				GCC_PREFIX_HEADER = ios/Prefix.pch;
				GCC_PREPROCESSOR_DEFINITIONS = (
					USE_FILE32API,
					CC_TARGET_OS_IPHONE,
					"COCOS2D_DEBUG=1",
					"CC_ENABLE_CHIPMUNK_INTEGRATION=1",
				);
				GCC_SYMBOLS_PRIVATE_EXTERN = NO;
				HEADER_SEARCH_PATHS = (
					"$(inherited)",
					"$(SRCROOT)/../cocos2d/cocos/platform/ios",
					"$(SRCROOT)/../cocos2d/cocos/platform/ios/Simulation",
				);
				INFOPLIST_FILE = ios/Info.plist;
				IPHONEOS_DEPLOYMENT_TARGET = 5.0;
				LIBRARY_SEARCH_PATHS = "";
				OTHER_LDFLAGS = (
					"$(_COCOS_LIB_IOS_BEGIN)",
					"$(_COCOS_LIB_IOS_END)",
				);
				PROVISIONING_PROFILE = "75c6fd33-0d0b-43a7-bb14-16b4ec3979d3";
				SDKROOT = iphoneos;
				TARGETED_DEVICE_FAMILY = "1,2";
				USER_HEADER_SEARCH_PATHS = "$(_COCOS_HEADER_IOS_BEGIN) $(_COCOS_HEADER_IOS_END)";
				VALID_ARCHS = "arm64 armv7";
			};
			name = Debug;
		};
		1D6058950D05DD3E006BFB54 /* Release */ = {
			isa = XCBuildConfiguration;
			buildSettings = {
				ALWAYS_SEARCH_USER_PATHS = YES;
				CODE_SIGN_IDENTITY = "iPhone Developer";
				"CODE_SIGN_IDENTITY[sdk=iphoneos*]" = "iPhone Developer";
				COMPRESS_PNG_FILES = NO;
				GCC_INLINES_ARE_PRIVATE_EXTERN = NO;
				GCC_PRECOMPILE_PREFIX_HEADER = YES;
				GCC_PREFIX_HEADER = ios/Prefix.pch;
				GCC_PREPROCESSOR_DEFINITIONS = (
					USE_FILE32API,
					CC_TARGET_OS_IPHONE,
					"CC_ENABLE_CHIPMUNK_INTEGRATION=1",
				);
				GCC_SYMBOLS_PRIVATE_EXTERN = NO;
				HEADER_SEARCH_PATHS = (
					"$(inherited)",
					"$(SRCROOT)/../cocos2d/cocos/platform/ios",
					"$(SRCROOT)/../cocos2d/cocos/platform/ios/Simulation",
				);
				INFOPLIST_FILE = ios/Info.plist;
				IPHONEOS_DEPLOYMENT_TARGET = 5.0;
				LIBRARY_SEARCH_PATHS = "";
				OTHER_LDFLAGS = (
					"$(_COCOS_LIB_IOS_BEGIN)",
					"$(_COCOS_LIB_IOS_END)",
				);
				PROVISIONING_PROFILE = "75c6fd33-0d0b-43a7-bb14-16b4ec3979d3";
				SDKROOT = iphoneos;
				TARGETED_DEVICE_FAMILY = "1,2";
				USER_HEADER_SEARCH_PATHS = "$(_COCOS_HEADER_IOS_BEGIN) $(_COCOS_HEADER_IOS_END)";
				VALID_ARCHS = "arm64 armv7";
			};
			name = Release;
		};
		5087E76D17EB910900C73F5D /* Debug */ = {
			isa = XCBuildConfiguration;
			buildSettings = {
				ALWAYS_SEARCH_USER_PATHS = YES;
				ARCHS = "$(ARCHS_STANDARD_64_BIT)";
				CLANG_CXX_LANGUAGE_STANDARD = "c++0x";
				CLANG_CXX_LIBRARY = "libc++";
				GCC_DYNAMIC_NO_PIC = NO;
				GCC_INLINES_ARE_PRIVATE_EXTERN = NO;
				GCC_PRECOMPILE_PREFIX_HEADER = YES;
				GCC_PREFIX_HEADER = mac/Prefix.pch;
				GCC_PREPROCESSOR_DEFINITIONS = (
					USE_FILE32API,
					CC_TARGET_OS_MAC,
					"COCOS2D_DEBUG=1",
					"CC_ENABLE_CHIPMUNK_INTEGRATION=1",
				);
				GCC_SYMBOLS_PRIVATE_EXTERN = NO;
				HEADER_SEARCH_PATHS = (
					"$(inherited)",
					"$(SRCROOT)/../cocos2d/cocos/platform/mac",
					"$(SRCROOT)/../cocos2d/external/glfw3/include/mac",
				);
				INFOPLIST_FILE = mac/Info.plist;
				LIBRARY_SEARCH_PATHS = "";
				OTHER_LDFLAGS = (
					"$(_COCOS_LIB_MAC_BEGIN)",
					"$(_COCOS_LIB_MAC_END)",
				);
				USER_HEADER_SEARCH_PATHS = "$(_COCOS_HEADER_MAC_BEGIN) $(_COCOS_HEADER_MAC_END)";
			};
			name = Debug;
		};
		5087E76E17EB910900C73F5D /* Release */ = {
			isa = XCBuildConfiguration;
			buildSettings = {
				ALWAYS_SEARCH_USER_PATHS = YES;
				ARCHS = "$(ARCHS_STANDARD_64_BIT)";
				CLANG_CXX_LANGUAGE_STANDARD = "c++0x";
				CLANG_CXX_LIBRARY = "libc++";
				GCC_INLINES_ARE_PRIVATE_EXTERN = NO;
				GCC_PRECOMPILE_PREFIX_HEADER = YES;
				GCC_PREFIX_HEADER = mac/Prefix.pch;
				GCC_PREPROCESSOR_DEFINITIONS = (
					USE_FILE32API,
					CC_TARGET_OS_MAC,
					"CC_ENABLE_CHIPMUNK_INTEGRATION=1",
				);
				GCC_SYMBOLS_PRIVATE_EXTERN = NO;
				HEADER_SEARCH_PATHS = (
					"$(inherited)",
					"$(SRCROOT)/../cocos2d/cocos/platform/mac",
					"$(SRCROOT)/../cocos2d/external/glfw3/include/mac",
				);
				INFOPLIST_FILE = mac/Info.plist;
				LIBRARY_SEARCH_PATHS = "";
				OTHER_LDFLAGS = (
					"$(_COCOS_LIB_MAC_BEGIN)",
					"$(_COCOS_LIB_MAC_END)",
				);
				USER_HEADER_SEARCH_PATHS = "$(_COCOS_HEADER_MAC_BEGIN) $(_COCOS_HEADER_MAC_END)";
			};
			name = Release;
		};
		C01FCF4F08A954540054247B /* Debug */ = {
			isa = XCBuildConfiguration;
			buildSettings = {
				CLANG_CXX_LANGUAGE_STANDARD = "c++0x";
				CLANG_CXX_LIBRARY = "libc++";
				COPY_PHASE_STRIP = NO;
				GCC_OPTIMIZATION_LEVEL = 0;
				GCC_WARN_ABOUT_RETURN_TYPE = YES;
				GCC_WARN_UNUSED_VARIABLE = YES;
				HEADER_SEARCH_PATHS = (
					"$(SRCROOT)/../cocos2d",
					"$(SRCROOT)/../cocos2d/cocos",
					"$(SRCROOT)/../cocos2d/cocos/base",
					"$(SRCROOT)/../cocos2d/cocos/physics",
					"$(SRCROOT)/../cocos2d/cocos/math",
					"$(SRCROOT)/../cocos2d/cocos/2d",
					"$(SRCROOT)/../cocos2d/cocos/ui",
					"$(SRCROOT)/../cocos2d/cocos/network",
					"$(SRCROOT)/../cocos2d/cocos/audio/include",
					"$(SRCROOT)/../cocos2d/cocos/editor-support",
					"$(SRCROOT)/../cocos2d/extensions",
					"$(SRCROOT)/../cocos2d/external",
					"$(SRCROOT)/../cocos2d/external/chipmunk/include/chipmunk",
				);
				MACOSX_DEPLOYMENT_TARGET = 10.7;
				ONLY_ACTIVE_ARCH = YES;
				PRODUCT_NAME = "$(TARGET_NAME)";
				SDKROOT = macosx;
			};
			name = Debug;
		};
		C01FCF5008A954540054247B /* Release */ = {
			isa = XCBuildConfiguration;
			buildSettings = {
				CLANG_CXX_LANGUAGE_STANDARD = "c++0x";
				CLANG_CXX_LIBRARY = "libc++";
				GCC_WARN_ABOUT_RETURN_TYPE = YES;
				GCC_WARN_UNUSED_VARIABLE = YES;
				HEADER_SEARCH_PATHS = (
					"$(SRCROOT)/../cocos2d",
					"$(SRCROOT)/../cocos2d/cocos",
					"$(SRCROOT)/../cocos2d/cocos/base",
					"$(SRCROOT)/../cocos2d/cocos/physics",
					"$(SRCROOT)/../cocos2d/cocos/math",
					"$(SRCROOT)/../cocos2d/cocos/2d",
					"$(SRCROOT)/../cocos2d/cocos/ui",
					"$(SRCROOT)/../cocos2d/cocos/network",
					"$(SRCROOT)/../cocos2d/cocos/audio/include",
					"$(SRCROOT)/../cocos2d/cocos/editor-support",
					"$(SRCROOT)/../cocos2d/extensions",
					"$(SRCROOT)/../cocos2d/external",
					"$(SRCROOT)/../cocos2d/external/chipmunk/include/chipmunk",
				);
				MACOSX_DEPLOYMENT_TARGET = 10.7;
				OTHER_CFLAGS = "-DNS_BLOCK_ASSERTIONS=1";
				PRODUCT_NAME = "$(TARGET_NAME)";
				SDKROOT = macosx;
				VALIDATE_PRODUCT = YES;
			};
			name = Release;
		};
/* End XCBuildConfiguration section */

/* Begin XCConfigurationList section */
		1D6058960D05DD3E006BFB54 /* Build configuration list for PBXNativeTarget "maji-kichi-kaishayamerutteyo iOS" */ = {
			isa = XCConfigurationList;
			buildConfigurations = (
				1D6058940D05DD3E006BFB54 /* Debug */,
				1D6058950D05DD3E006BFB54 /* Release */,
			);
			defaultConfigurationIsVisible = 0;
			defaultConfigurationName = Debug;
		};
		5087E76C17EB910900C73F5D /* Build configuration list for PBXNativeTarget "maji-kichi-kaishayamerutteyo Mac" */ = {
			isa = XCConfigurationList;
			buildConfigurations = (
				5087E76D17EB910900C73F5D /* Debug */,
				5087E76E17EB910900C73F5D /* Release */,
			);
			defaultConfigurationIsVisible = 0;
			defaultConfigurationName = Debug;
		};
		C01FCF4E08A954540054247B /* Build configuration list for PBXProject "maji-kichi-kaishayamerutteyo" */ = {
			isa = XCConfigurationList;
			buildConfigurations = (
				C01FCF4F08A954540054247B /* Debug */,
				C01FCF5008A954540054247B /* Release */,
			);
			defaultConfigurationIsVisible = 0;
			defaultConfigurationName = Debug;
		};
/* End XCConfigurationList section */
	};
	rootObject = 29B97313FDCFA39411CA2CEA /* Project object */;
}
